// !$*UTF8*$!
{
	archiveVersion = 1;
	classes = {
	};
	objectVersion = 50;
	objects = {

/* Begin PBXBuildFile section */
		46FD5DC622AA341300DDF038 /* AppDelegate.swift in Sources */ = {isa = PBXBuildFile; fileRef = 46FD5DC522AA341300DDF038 /* AppDelegate.swift */; };
		46FD5DC822AA341300DDF038 /* SceneDelegate.swift in Sources */ = {isa = PBXBuildFile; fileRef = 46FD5DC722AA341300DDF038 /* SceneDelegate.swift */; };
		46FD5DCA22AA341300DDF038 /* Home.swift in Sources */ = {isa = PBXBuildFile; fileRef = 46FD5DC922AA341300DDF038 /* Home.swift */; };
		46FD5DCC22AA341400DDF038 /* Assets.xcassets in Resources */ = {isa = PBXBuildFile; fileRef = 46FD5DCB22AA341400DDF038 /* Assets.xcassets */; };
		46FD5DCF22AA341400DDF038 /* Preview Assets.xcassets in Resources */ = {isa = PBXBuildFile; fileRef = 46FD5DCE22AA341400DDF038 /* Preview Assets.xcassets */; };
		46FD5DD222AA341400DDF038 /* LaunchScreen.storyboard in Resources */ = {isa = PBXBuildFile; fileRef = 46FD5DD022AA341400DDF038 /* LaunchScreen.storyboard */; };
		46FD5DDD22AA34ED00DDF038 /* Pages.swift in Sources */ = {isa = PBXBuildFile; fileRef = 46FD5DDC22AA34ED00DDF038 /* Pages.swift */; };
		46FD5DE022AA35D100DDF038 /* SignUp.swift in Sources */ = {isa = PBXBuildFile; fileRef = 46FD5DDF22AA35D100DDF038 /* SignUp.swift */; };
/* End PBXBuildFile section */

/* Begin PBXFileReference section */
		46FD5DC222AA341300DDF038 /* DailySwiftUI.app */ = {isa = PBXFileReference; explicitFileType = wrapper.application; includeInIndex = 0; path = DailySwiftUI.app; sourceTree = BUILT_PRODUCTS_DIR; };
		46FD5DC522AA341300DDF038 /* AppDelegate.swift */ = {isa = PBXFileReference; lastKnownFileType = sourcecode.swift; path = AppDelegate.swift; sourceTree = "<group>"; };
		46FD5DC722AA341300DDF038 /* SceneDelegate.swift */ = {isa = PBXFileReference; lastKnownFileType = sourcecode.swift; path = SceneDelegate.swift; sourceTree = "<group>"; };
		46FD5DC922AA341300DDF038 /* Home.swift */ = {isa = PBXFileReference; lastKnownFileType = sourcecode.swift; path = Home.swift; sourceTree = "<group>"; };
		46FD5DCB22AA341400DDF038 /* Assets.xcassets */ = {isa = PBXFileReference; lastKnownFileType = folder.assetcatalog; path = Assets.xcassets; sourceTree = "<group>"; };
		46FD5DCE22AA341400DDF038 /* Preview Assets.xcassets */ = {isa = PBXFileReference; lastKnownFileType = folder.assetcatalog; path = "Preview Assets.xcassets"; sourceTree = "<group>"; };
		46FD5DD122AA341400DDF038 /* Base */ = {isa = PBXFileReference; lastKnownFileType = file.storyboard; name = Base; path = Base.lproj/LaunchScreen.storyboard; sourceTree = "<group>"; };
		46FD5DD322AA341400DDF038 /* Info.plist */ = {isa = PBXFileReference; lastKnownFileType = text.plist.xml; path = Info.plist; sourceTree = "<group>"; };
		46FD5DDC22AA34ED00DDF038 /* Pages.swift */ = {isa = PBXFileReference; lastKnownFileType = sourcecode.swift; path = Pages.swift; sourceTree = "<group>"; };
		46FD5DDF22AA35D100DDF038 /* SignUp.swift */ = {isa = PBXFileReference; lastKnownFileType = sourcecode.swift; path = SignUp.swift; sourceTree = "<group>"; };
/* End PBXFileReference section */

/* Begin PBXFrameworksBuildPhase section */
		46FD5DBF22AA341300DDF038 /* Frameworks */ = {
			isa = PBXFrameworksBuildPhase;
			buildActionMask = 2147483647;
			files = (
			);
			runOnlyForDeploymentPostprocessing = 0;
		};
/* End PBXFrameworksBuildPhase section */

/* Begin PBXGroup section */
		46FD5DB922AA341300DDF038 = {
			isa = PBXGroup;
			children = (
				46FD5DC422AA341300DDF038 /* DailySwiftUI */,
				46FD5DC322AA341300DDF038 /* Products */,
			);
			sourceTree = "<group>";
		};
		46FD5DC322AA341300DDF038 /* Products */ = {
			isa = PBXGroup;
			children = (
				46FD5DC222AA341300DDF038 /* DailySwiftUI.app */,
			);
			name = Products;
			sourceTree = "<group>";
		};
		46FD5DC422AA341300DDF038 /* DailySwiftUI */ = {
			isa = PBXGroup;
			children = (
				46FD5DDB22AA347B00DDF038 /* Sources */,
				46FD5DDA22AA347400DDF038 /* Models */,
				46FD5DD922AA346200DDF038 /* Assets */,
				46FD5DC522AA341300DDF038 /* AppDelegate.swift */,
				46FD5DC722AA341300DDF038 /* SceneDelegate.swift */,
				46FD5DC922AA341300DDF038 /* Home.swift */,
				46FD5DD322AA341400DDF038 /* Info.plist */,
				46FD5DCD22AA341400DDF038 /* Preview Content */,
			);
			path = DailySwiftUI;
			sourceTree = "<group>";
		};
		46FD5DCD22AA341400DDF038 /* Preview Content */ = {
			isa = PBXGroup;
			children = (
				46FD5DCE22AA341400DDF038 /* Preview Assets.xcassets */,
			);
			path = "Preview Content";
			sourceTree = "<group>";
		};
		46FD5DD922AA346200DDF038 /* Assets */ = {
			isa = PBXGroup;
			children = (
				46FD5DCB22AA341400DDF038 /* Assets.xcassets */,
				46FD5DD022AA341400DDF038 /* LaunchScreen.storyboard */,
			);
			path = Assets;
			sourceTree = "<group>";
		};
		46FD5DDA22AA347400DDF038 /* Models */ = {
			isa = PBXGroup;
			children = (
				46FD5DDC22AA34ED00DDF038 /* Pages.swift */,
			);
			path = Models;
			sourceTree = "<group>";
		};
		46FD5DDB22AA347B00DDF038 /* Sources */ = {
			isa = PBXGroup;
			children = (
				46FD5DE122AA37AF00DDF038 /* Common */,
				46FD5DDE22AA35A100DDF038 /* Day1 */,
			);
			path = Sources;
			sourceTree = "<group>";
		};
		46FD5DDE22AA35A100DDF038 /* Day1 */ = {
			isa = PBXGroup;
			children = (
				46FD5DDF22AA35D100DDF038 /* SignUp.swift */,
			);
			path = Day1;
			sourceTree = "<group>";
		};
		46FD5DE122AA37AF00DDF038 /* Common */ = {
			isa = PBXGroup;
			children = (
			);
			path = Common;
			sourceTree = "<group>";
		};
/* End PBXGroup section */

/* Begin PBXNativeTarget section */
		46FD5DC122AA341300DDF038 /* DailySwiftUI */ = {
			isa = PBXNativeTarget;
			buildConfigurationList = 46FD5DD622AA341400DDF038 /* Build configuration list for PBXNativeTarget "DailySwiftUI" */;
			buildPhases = (
				46FD5DBE22AA341300DDF038 /* Sources */,
				46FD5DBF22AA341300DDF038 /* Frameworks */,
				46FD5DC022AA341300DDF038 /* Resources */,
			);
			buildRules = (
			);
			dependencies = (
			);
			name = DailySwiftUI;
			productName = DailySwiftUI;
			productReference = 46FD5DC222AA341300DDF038 /* DailySwiftUI.app */;
			productType = "com.apple.product-type.application";
		};
/* End PBXNativeTarget section */

/* Begin PBXProject section */
		46FD5DBA22AA341300DDF038 /* Project object */ = {
			isa = PBXProject;
			attributes = {
				LastSwiftUpdateCheck = 1100;
				LastUpgradeCheck = 1100;
				ORGANIZATIONNAME = touyou;
				TargetAttributes = {
					46FD5DC122AA341300DDF038 = {
						CreatedOnToolsVersion = 11.0;
					};
				};
			};
			buildConfigurationList = 46FD5DBD22AA341300DDF038 /* Build configuration list for PBXProject "DailySwiftUI" */;
			compatibilityVersion = "Xcode 9.3";
			developmentRegion = en;
			hasScannedForEncodings = 0;
			knownRegions = (
				en,
				Base,
			);
			mainGroup = 46FD5DB922AA341300DDF038;
			productRefGroup = 46FD5DC322AA341300DDF038 /* Products */;
			projectDirPath = "";
			projectRoot = "";
			targets = (
				46FD5DC122AA341300DDF038 /* DailySwiftUI */,
			);
		};
/* End PBXProject section */

/* Begin PBXResourcesBuildPhase section */
		46FD5DC022AA341300DDF038 /* Resources */ = {
			isa = PBXResourcesBuildPhase;
			buildActionMask = 2147483647;
			files = (
				46FD5DD222AA341400DDF038 /* LaunchScreen.storyboard in Resources */,
				46FD5DCF22AA341400DDF038 /* Preview Assets.xcassets in Resources */,
				46FD5DCC22AA341400DDF038 /* Assets.xcassets in Resources */,
			);
			runOnlyForDeploymentPostprocessing = 0;
		};
/* End PBXResourcesBuildPhase section */

/* Begin PBXSourcesBuildPhase section */
		46FD5DBE22AA341300DDF038 /* Sources */ = {
			isa = PBXSourcesBuildPhase;
			buildActionMask = 2147483647;
			files = (
				46FD5DC622AA341300DDF038 /* AppDelegate.swift in Sources */,
				46FD5DC822AA341300DDF038 /* SceneDelegate.swift in Sources */,
				46FD5DDD22AA34ED00DDF038 /* Pages.swift in Sources */,
				46FD5DCA22AA341300DDF038 /* Home.swift in Sources */,
				46FD5DE022AA35D100DDF038 /* SignUp.swift in Sources */,
			);
			runOnlyForDeploymentPostprocessing = 0;
		};
/* End PBXSourcesBuildPhase section */

/* Begin PBXVariantGroup section */
		46FD5DD022AA341400DDF038 /* LaunchScreen.storyboard */ = {
			isa = PBXVariantGroup;
			children = (
				46FD5DD122AA341400DDF038 /* Base */,
			);
			name = LaunchScreen.storyboard;
			sourceTree = "<group>";
		};
/* End PBXVariantGroup section */

/* Begin XCBuildConfiguration section */
		46FD5DD422AA341400DDF038 /* Debug */ = {
			isa = XCBuildConfiguration;
			buildSettings = {
				ALWAYS_SEARCH_USER_PATHS = NO;
				CLANG_ANALYZER_NONNULL = YES;
				CLANG_ANALYZER_NUMBER_OBJECT_CONVERSION = YES_AGGRESSIVE;
				CLANG_CXX_LANGUAGE_STANDARD = "gnu++14";
				CLANG_CXX_LIBRARY = "libc++";
				CLANG_ENABLE_MODULES = YES;
				CLANG_ENABLE_OBJC_ARC = YES;
				CLANG_ENABLE_OBJC_WEAK = YES;
				CLANG_WARN_BLOCK_CAPTURE_AUTORELEASING = YES;
				CLANG_WARN_BOOL_CONVERSION = YES;
				CLANG_WARN_COMMA = YES;
				CLANG_WARN_CONSTANT_CONVERSION = YES;
				CLANG_WARN_DEPRECATED_OBJC_IMPLEMENTATIONS = YES;
				CLANG_WARN_DIRECT_OBJC_ISA_USAGE = YES_ERROR;
				CLANG_WARN_DOCUMENTATION_COMMENTS = YES;
				CLANG_WARN_EMPTY_BODY = YES;
				CLANG_WARN_ENUM_CONVERSION = YES;
				CLANG_WARN_INFINITE_RECURSION = YES;
				CLANG_WARN_INT_CONVERSION = YES;
				CLANG_WARN_NON_LITERAL_NULL_CONVERSION = YES;
				CLANG_WARN_OBJC_IMPLICIT_RETAIN_SELF = YES;
				CLANG_WARN_OBJC_LITERAL_CONVERSION = YES;
				CLANG_WARN_OBJC_ROOT_CLASS = YES_ERROR;
				CLANG_WARN_RANGE_LOOP_ANALYSIS = YES;
				CLANG_WARN_STRICT_PROTOTYPES = YES;
				CLANG_WARN_SUSPICIOUS_MOVE = YES;
				CLANG_WARN_UNGUARDED_AVAILABILITY = YES_AGGRESSIVE;
				CLANG_WARN_UNREACHABLE_CODE = YES;
				CLANG_WARN__DUPLICATE_METHOD_MATCH = YES;
				COPY_PHASE_STRIP = NO;
				DEBUG_INFORMATION_FORMAT = dwarf;
				ENABLE_STRICT_OBJC_MSGSEND = YES;
				ENABLE_TESTABILITY = YES;
				GCC_C_LANGUAGE_STANDARD = gnu11;
				GCC_DYNAMIC_NO_PIC = NO;
				GCC_NO_COMMON_BLOCKS = YES;
				GCC_OPTIMIZATION_LEVEL = 0;
				GCC_PREPROCESSOR_DEFINITIONS = (
					"DEBUG=1",
					"$(inherited)",
				);
				GCC_WARN_64_TO_32_BIT_CONVERSION = YES;
				GCC_WARN_ABOUT_RETURN_TYPE = YES_ERROR;
				GCC_WARN_UNDECLARED_SELECTOR = YES;
				GCC_WARN_UNINITIALIZED_AUTOS = YES_AGGRESSIVE;
				GCC_WARN_UNUSED_FUNCTION = YES;
				GCC_WARN_UNUSED_VARIABLE = YES;
				IPHONEOS_DEPLOYMENT_TARGET = 13.0;
				MTL_ENABLE_DEBUG_INFO = INCLUDE_SOURCE;
				MTL_FAST_MATH = YES;
				ONLY_ACTIVE_ARCH = YES;
				SDKROOT = iphoneos;
				SWIFT_ACTIVE_COMPILATION_CONDITIONS = DEBUG;
				SWIFT_OPTIMIZATION_LEVEL = "-Onone";
			};
			name = Debug;
		};
		46FD5DD522AA341400DDF038 /* Release */ = {
			isa = XCBuildConfiguration;
			buildSettings = {
				ALWAYS_SEARCH_USER_PATHS = NO;
				CLANG_ANALYZER_NONNULL = YES;
				CLANG_ANALYZER_NUMBER_OBJECT_CONVERSION = YES_AGGRESSIVE;
				CLANG_CXX_LANGUAGE_STANDARD = "gnu++14";
				CLANG_CXX_LIBRARY = "libc++";
				CLANG_ENABLE_MODULES = YES;
				CLANG_ENABLE_OBJC_ARC = YES;
				CLANG_ENABLE_OBJC_WEAK = YES;
				CLANG_WARN_BLOCK_CAPTURE_AUTORELEASING = YES;
				CLANG_WARN_BOOL_CONVERSION = YES;
				CLANG_WARN_COMMA = YES;
				CLANG_WARN_CONSTANT_CONVERSION = YES;
				CLANG_WARN_DEPRECATED_OBJC_IMPLEMENTATIONS = YES;
				CLANG_WARN_DIRECT_OBJC_ISA_USAGE = YES_ERROR;
				CLANG_WARN_DOCUMENTATION_COMMENTS = YES;
				CLANG_WARN_EMPTY_BODY = YES;
				CLANG_WARN_ENUM_CONVERSION = YES;
				CLANG_WARN_INFINITE_RECURSION = YES;
				CLANG_WARN_INT_CONVERSION = YES;
				CLANG_WARN_NON_LITERAL_NULL_CONVERSION = YES;
				CLANG_WARN_OBJC_IMPLICIT_RETAIN_SELF = YES;
				CLANG_WARN_OBJC_LITERAL_CONVERSION = YES;
				CLANG_WARN_OBJC_ROOT_CLASS = YES_ERROR;
				CLANG_WARN_RANGE_LOOP_ANALYSIS = YES;
				CLANG_WARN_STRICT_PROTOTYPES = YES;
				CLANG_WARN_SUSPICIOUS_MOVE = YES;
				CLANG_WARN_UNGUARDED_AVAILABILITY = YES_AGGRESSIVE;
				CLANG_WARN_UNREACHABLE_CODE = YES;
				CLANG_WARN__DUPLICATE_METHOD_MATCH = YES;
				COPY_PHASE_STRIP = NO;
				DEBUG_INFORMATION_FORMAT = "dwarf-with-dsym";
				ENABLE_NS_ASSERTIONS = NO;
				ENABLE_STRICT_OBJC_MSGSEND = YES;
				GCC_C_LANGUAGE_STANDARD = gnu11;
				GCC_NO_COMMON_BLOCKS = YES;
				GCC_WARN_64_TO_32_BIT_CONVERSION = YES;
				GCC_WARN_ABOUT_RETURN_TYPE = YES_ERROR;
				GCC_WARN_UNDECLARED_SELECTOR = YES;
				GCC_WARN_UNINITIALIZED_AUTOS = YES_AGGRESSIVE;
				GCC_WARN_UNUSED_FUNCTION = YES;
				GCC_WARN_UNUSED_VARIABLE = YES;
				IPHONEOS_DEPLOYMENT_TARGET = 13.0;
				MTL_ENABLE_DEBUG_INFO = NO;
				MTL_FAST_MATH = YES;
				SDKROOT = iphoneos;
				SWIFT_COMPILATION_MODE = wholemodule;
				SWIFT_OPTIMIZATION_LEVEL = "-O";
				VALIDATE_PRODUCT = YES;
			};
			name = Release;
		};
		46FD5DD722AA341400DDF038 /* Debug */ = {
			isa = XCBuildConfiguration;
			buildSettings = {
				ASSETCATALOG_COMPILER_APPICON_NAME = AppIcon;
				CODE_SIGN_STYLE = Automatic;
				DEVELOPMENT_ASSET_PATHS = "DailySwiftUI/Preview\\ Content";
				DEVELOPMENT_TEAM = B4S4333JDW;
				ENABLE_PREVIEWS = YES;
				INFOPLIST_FILE = DailySwiftUI/Info.plist;
				LD_RUNPATH_SEARCH_PATHS = (
					"$(inherited)",
					"@executable_path/Frameworks",
				);
				PRODUCT_BUNDLE_IDENTIFIER = dev.touyou.DailySwiftUI;
				PRODUCT_NAME = "$(TARGET_NAME)";
				SWIFT_VERSION = 5.0;
				TARGETED_DEVICE_FAMILY = "1,2";
			};
			name = Debug;
		};
		46FD5DD822AA341400DDF038 /* Release */ = {
			isa = XCBuildConfiguration;
			buildSettings = {
				ASSETCATALOG_COMPILER_APPICON_NAME = AppIcon;
				CODE_SIGN_STYLE = Automatic;
				DEVELOPMENT_ASSET_PATHS = "DailySwiftUI/Preview\\ Content";
				DEVELOPMENT_TEAM = B4S4333JDW;
				ENABLE_PREVIEWS = YES;
				INFOPLIST_FILE = DailySwiftUI/Info.plist;
				LD_RUNPATH_SEARCH_PATHS = (
					"$(inherited)",
					"@executable_path/Frameworks",
				);
				PRODUCT_BUNDLE_IDENTIFIER = dev.touyou.DailySwiftUI;
				PRODUCT_NAME = "$(TARGET_NAME)";
				SWIFT_VERSION = 5.0;
				TARGETED_DEVICE_FAMILY = "1,2";
			};
			name = Release;
		};
/* End XCBuildConfiguration section */

/* Begin XCConfigurationList section */
		46FD5DBD22AA341300DDF038 /* Build configuration list for PBXProject "DailySwiftUI" */ = {
			isa = XCConfigurationList;
			buildConfigurations = (
				46FD5DD422AA341400DDF038 /* Debug */,
				46FD5DD522AA341400DDF038 /* Release */,
			);
			defaultConfigurationIsVisible = 0;
			defaultConfigurationName = Release;
		};
		46FD5DD622AA341400DDF038 /* Build configuration list for PBXNativeTarget "DailySwiftUI" */ = {
			isa = XCConfigurationList;
			buildConfigurations = (
				46FD5DD722AA341400DDF038 /* Debug */,
				46FD5DD822AA341400DDF038 /* Release */,
			);
			defaultConfigurationIsVisible = 0;
			defaultConfigurationName = Release;
		};
/* End XCConfigurationList section */
	};
	rootObject = 46FD5DBA22AA341300DDF038 /* Project object */;
}
